
Microsoft Visual Studio Solution File, Format Version 12.00
# Visual Studio 14
VisualStudioVersion = 14.0.25420.1
MinimumVisualStudioVersion = 10.0.40219.1
Project("{FAE04EC0-301F-11D3-BF4B-00C04F79EFBC}") = "Pogrebok", "Pogrebok\Pogrebok.csproj", "{E19EC7A9-8701-491C-8DA9-EE3717C65639}"
EndProject
Project("{D954291E-2A0B-460D-934E-DC6B0785DB48}") = "Shared", "Shared\Shared.shproj", "{D51E828D-64B3-4BEC-BE8F-DD294605A537}"
EndProject
Global
	GlobalSection(SharedMSBuildProjectFiles) = preSolution
		Shared\Shared.projitems*{d51e828d-64b3-4bec-be8f-dd294605a537}*SharedItemsImports = 13
		Shared\Shared.projitems*{e19ec7a9-8701-491c-8da9-ee3717c65639}*SharedItemsImports = 4
	EndGlobalSection
	GlobalSection(SolutionConfigurationPlatforms) = preSolution
		Debug|Any CPU = Debug|Any CPU
		Release|Any CPU = Release|Any CPU
	EndGlobalSection
	GlobalSection(ProjectConfigurationPlatforms) = postSolution
		{E19EC7A9-8701-491C-8DA9-EE3717C65639}.Debug|Any CPU.ActiveCfg = Debug|Any CPU
		{E19EC7A9-8701-491C-8DA9-EE3717C65639}.Debug|Any CPU.Build.0 = Debug|Any CPU
		{E19EC7A9-8701-491C-8DA9-EE3717C65639}.Debug|Any CPU.Deploy.0 = Debug|Any CPU
		{E19EC7A9-8701-491C-8DA9-EE3717C65639}.Release|Any CPU.ActiveCfg = Release|Any CPU
		{E19EC7A9-8701-491C-8DA9-EE3717C65639}.Release|Any CPU.Build.0 = Release|Any CPU
		{E19EC7A9-8701-491C-8DA9-EE3717C65639}.Release|Any CPU.Deploy.0 = Release|Any CPU
	EndGlobalSection
	GlobalSection(SolutionProperties) = preSolution
		HideSolutionNode = FALSE
	EndGlobalSection
EndGlobal
